// !$*UTF8*$!
{
	archiveVersion = 1;
	classes = {
	};
	objectVersion = 50;
	objects = {

/* Begin PBXBuildFile section */
		69B12A3A20C3BD170027A417 /* AppDelegate.swift in Sources */ = {isa = PBXBuildFile; fileRef = 69B12A3920C3BD170027A417 /* AppDelegate.swift */; };
		69B12A3C20C3BD170027A417 /* art.scnassets in Resources */ = {isa = PBXBuildFile; fileRef = 69B12A3B20C3BD170027A417 /* art.scnassets */; };
		69B12A3E20C3BD170027A417 /* ViewController.swift in Sources */ = {isa = PBXBuildFile; fileRef = 69B12A3D20C3BD170027A417 /* ViewController.swift */; };
		69B12A4120C3BD170027A417 /* Main.storyboard in Resources */ = {isa = PBXBuildFile; fileRef = 69B12A3F20C3BD170027A417 /* Main.storyboard */; };
		69B12A4320C3BD1B0027A417 /* Assets.xcassets in Resources */ = {isa = PBXBuildFile; fileRef = 69B12A4220C3BD1B0027A417 /* Assets.xcassets */; };
		69B12A4620C3BD1B0027A417 /* LaunchScreen.storyboard in Resources */ = {isa = PBXBuildFile; fileRef = 69B12A4420C3BD1B0027A417 /* LaunchScreen.storyboard */; };
		69B12A4E20C3D1680027A417 /* SCNVector3Extension.swift in Sources */ = {isa = PBXBuildFile; fileRef = 69B12A4D20C3D1680027A417 /* SCNVector3Extension.swift */; };
		69CA0FE720CD1ED800D8B5FF /* House.swift in Sources */ = {isa = PBXBuildFile; fileRef = 69CA0FE620CD1ED800D8B5FF /* House.swift */; };
/* End PBXBuildFile section */

/* Begin PBXFileReference section */
		69B12A3620C3BD170027A417 /* AR House.app */ = {isa = PBXFileReference; explicitFileType = wrapper.application; includeInIndex = 0; path = "AR House.app"; sourceTree = BUILT_PRODUCTS_DIR; };
		69B12A3920C3BD170027A417 /* AppDelegate.swift */ = {isa = PBXFileReference; lastKnownFileType = sourcecode.swift; path = AppDelegate.swift; sourceTree = "<group>"; };
		69B12A3B20C3BD170027A417 /* art.scnassets */ = {isa = PBXFileReference; lastKnownFileType = wrapper.scnassets; path = art.scnassets; sourceTree = "<group>"; };
		69B12A3D20C3BD170027A417 /* ViewController.swift */ = {isa = PBXFileReference; lastKnownFileType = sourcecode.swift; path = ViewController.swift; sourceTree = "<group>"; };
		69B12A4020C3BD170027A417 /* Base */ = {isa = PBXFileReference; lastKnownFileType = file.storyboard; name = Base; path = Base.lproj/Main.storyboard; sourceTree = "<group>"; };
		69B12A4220C3BD1B0027A417 /* Assets.xcassets */ = {isa = PBXFileReference; lastKnownFileType = folder.assetcatalog; path = Assets.xcassets; sourceTree = "<group>"; };
		69B12A4520C3BD1B0027A417 /* Base */ = {isa = PBXFileReference; lastKnownFileType = file.storyboard; name = Base; path = Base.lproj/LaunchScreen.storyboard; sourceTree = "<group>"; };
		69B12A4720C3BD1B0027A417 /* Info.plist */ = {isa = PBXFileReference; lastKnownFileType = text.plist.xml; path = Info.plist; sourceTree = "<group>"; };
		69B12A4D20C3D1680027A417 /* SCNVector3Extension.swift */ = {isa = PBXFileReference; lastKnownFileType = sourcecode.swift; path = SCNVector3Extension.swift; sourceTree = "<group>"; };
		69CA0FE620CD1ED800D8B5FF /* House.swift */ = {isa = PBXFileReference; lastKnownFileType = sourcecode.swift; path = House.swift; sourceTree = "<group>"; };
/* End PBXFileReference section */

/* Begin PBXFrameworksBuildPhase section */
		69B12A3320C3BD170027A417 /* Frameworks */ = {
			isa = PBXFrameworksBuildPhase;
			buildActionMask = 2147483647;
			files = (
			);
			runOnlyForDeploymentPostprocessing = 0;
		};
/* End PBXFrameworksBuildPhase section */

/* Begin PBXGroup section */
		69B12A2D20C3BD170027A417 = {
			isa = PBXGroup;
			children = (
				69B12A3820C3BD170027A417 /* AR House */,
				69B12A3720C3BD170027A417 /* Products */,
			);
			sourceTree = "<group>";
		};
		69B12A3720C3BD170027A417 /* Products */ = {
			isa = PBXGroup;
			children = (
				69B12A3620C3BD170027A417 /* AR House.app */,
			);
			name = Products;
			sourceTree = "<group>";
		};
		69B12A3820C3BD170027A417 /* AR House */ = {
			isa = PBXGroup;
			children = (
				69B12A3920C3BD170027A417 /* AppDelegate.swift */,
				69B12A3B20C3BD170027A417 /* art.scnassets */,
				69CA0FE620CD1ED800D8B5FF /* House.swift */,
				69B12A4D20C3D1680027A417 /* SCNVector3Extension.swift */,
				69B12A3D20C3BD170027A417 /* ViewController.swift */,
				69B12A3F20C3BD170027A417 /* Main.storyboard */,
				69B12A4220C3BD1B0027A417 /* Assets.xcassets */,
				69B12A4420C3BD1B0027A417 /* LaunchScreen.storyboard */,
				69B12A4720C3BD1B0027A417 /* Info.plist */,
			);
			path = "AR House";
			sourceTree = "<group>";
		};
/* End PBXGroup section */

/* Begin PBXNativeTarget section */
		69B12A3520C3BD170027A417 /* AR House */ = {
			isa = PBXNativeTarget;
			buildConfigurationList = 69B12A4A20C3BD1B0027A417 /* Build configuration list for PBXNativeTarget "AR House" */;
			buildPhases = (
				69B12A3220C3BD170027A417 /* Sources */,
				69B12A3320C3BD170027A417 /* Frameworks */,
				69B12A3420C3BD170027A417 /* Resources */,
			);
			buildRules = (
			);
			dependencies = (
			);
			name = "AR House";
			productName = "AR House";
			productReference = 69B12A3620C3BD170027A417 /* AR House.app */;
			productType = "com.apple.product-type.application";
		};
/* End PBXNativeTarget section */

/* Begin PBXProject section */
		69B12A2E20C3BD170027A417 /* Project object */ = {
			isa = PBXProject;
			attributes = {
				LastSwiftUpdateCheck = 0940;
				LastUpgradeCheck = 0940;
				ORGANIZATIONNAME = "Denis Bystruev";
				TargetAttributes = {
					69B12A3520C3BD170027A417 = {
						CreatedOnToolsVersion = 9.4;
					};
				};
			};
			buildConfigurationList = 69B12A3120C3BD170027A417 /* Build configuration list for PBXProject "AR House" */;
			compatibilityVersion = "Xcode 9.3";
			developmentRegion = en;
			hasScannedForEncodings = 0;
			knownRegions = (
				en,
				Base,
			);
			mainGroup = 69B12A2D20C3BD170027A417;
			productRefGroup = 69B12A3720C3BD170027A417 /* Products */;
			projectDirPath = "";
			projectRoot = "";
			targets = (
				69B12A3520C3BD170027A417 /* AR House */,
			);
		};
/* End PBXProject section */

/* Begin PBXResourcesBuildPhase section */
		69B12A3420C3BD170027A417 /* Resources */ = {
			isa = PBXResourcesBuildPhase;
			buildActionMask = 2147483647;
			files = (
				69B12A3C20C3BD170027A417 /* art.scnassets in Resources */,
				69B12A4620C3BD1B0027A417 /* LaunchScreen.storyboard in Resources */,
				69B12A4320C3BD1B0027A417 /* Assets.xcassets in Resources */,
				69B12A4120C3BD170027A417 /* Main.storyboard in Resources */,
			);
			runOnlyForDeploymentPostprocessing = 0;
		};
/* End PBXResourcesBuildPhase section */

/* Begin PBXSourcesBuildPhase section */
		69B12A3220C3BD170027A417 /* Sources */ = {
			isa = PBXSourcesBuildPhase;
			buildActionMask = 2147483647;
			files = (
				69B12A3E20C3BD170027A417 /* ViewController.swift in Sources */,
				69B12A4E20C3D1680027A417 /* SCNVector3Extension.swift in Sources */,
				69CA0FE720CD1ED800D8B5FF /* House.swift in Sources */,
				69B12A3A20C3BD170027A417 /* AppDelegate.swift in Sources */,
			);
			runOnlyForDeploymentPostprocessing = 0;
		};
/* End PBXSourcesBuildPhase section */

/* Begin PBXVariantGroup section */
		69B12A3F20C3BD170027A417 /* Main.storyboard */ = {
			isa = PBXVariantGroup;
			children = (
				69B12A4020C3BD170027A417 /* Base */,
			);
			name = Main.storyboard;
			sourceTree = "<group>";
		};
		69B12A4420C3BD1B0027A417 /* LaunchScreen.storyboard */ = {
			isa = PBXVariantGroup;
			children = (
				69B12A4520C3BD1B0027A417 /* Base */,
			);
			name = LaunchScreen.storyboard;
			sourceTree = "<group>";
		};
/* End PBXVariantGroup section */

/* Begin XCBuildConfiguration section */
		69B12A4820C3BD1B0027A417 /* Debug */ = {
			isa = XCBuildConfiguration;
			buildSettings = {
				ALWAYS_SEARCH_USER_PATHS = NO;
				CLANG_ANALYZER_NONNULL = YES;
				CLANG_ANALYZER_NUMBER_OBJECT_CONVERSION = YES_AGGRESSIVE;
				CLANG_CXX_LANGUAGE_STANDARD = "gnu++14";
				CLANG_CXX_LIBRARY = "libc++";
				CLANG_ENABLE_MODULES = YES;
				CLANG_ENABLE_OBJC_ARC = YES;
				CLANG_ENABLE_OBJC_WEAK = YES;
				CLANG_WARN_BLOCK_CAPTURE_AUTORELEASING = YES;
				CLANG_WARN_BOOL_CONVERSION = YES;
				CLANG_WARN_COMMA = YES;
				CLANG_WARN_CONSTANT_CONVERSION = YES;
				CLANG_WARN_DEPRECATED_OBJC_IMPLEMENTATIONS = YES;
				CLANG_WARN_DIRECT_OBJC_ISA_USAGE = YES_ERROR;
				CLANG_WARN_DOCUMENTATION_COMMENTS = YES;
				CLANG_WARN_EMPTY_BODY = YES;
				CLANG_WARN_ENUM_CONVERSION = YES;
				CLANG_WARN_INFINITE_RECURSION = YES;
				CLANG_WARN_INT_CONVERSION = YES;
				CLANG_WARN_NON_LITERAL_NULL_CONVERSION = YES;
				CLANG_WARN_OBJC_IMPLICIT_RETAIN_SELF = YES;
				CLANG_WARN_OBJC_LITERAL_CONVERSION = YES;
				CLANG_WARN_OBJC_ROOT_CLASS = YES_ERROR;
				CLANG_WARN_RANGE_LOOP_ANALYSIS = YES;
				CLANG_WARN_STRICT_PROTOTYPES = YES;
				CLANG_WARN_SUSPICIOUS_MOVE = YES;
				CLANG_WARN_UNGUARDED_AVAILABILITY = YES_AGGRESSIVE;
				CLANG_WARN_UNREACHABLE_CODE = YES;
				CLANG_WARN__DUPLICATE_METHOD_MATCH = YES;
				CODE_SIGN_IDENTITY = "iPhone Developer";
				COPY_PHASE_STRIP = NO;
				DEBUG_INFORMATION_FORMAT = dwarf;
				ENABLE_STRICT_OBJC_MSGSEND = YES;
				ENABLE_TESTABILITY = YES;
				GCC_C_LANGUAGE_STANDARD = gnu11;
				GCC_DYNAMIC_NO_PIC = NO;
				GCC_NO_COMMON_BLOCKS = YES;
				GCC_OPTIMIZATION_LEVEL = 0;
				GCC_PREPROCESSOR_DEFINITIONS = (
					"DEBUG=1",
					"$(inherited)",
				);
				GCC_WARN_64_TO_32_BIT_CONVERSION = YES;
				GCC_WARN_ABOUT_RETURN_TYPE = YES_ERROR;
				GCC_WARN_UNDECLARED_SELECTOR = YES;
				GCC_WARN_UNINITIALIZED_AUTOS = YES_AGGRESSIVE;
				GCC_WARN_UNUSED_FUNCTION = YES;
				GCC_WARN_UNUSED_VARIABLE = YES;
				IPHONEOS_DEPLOYMENT_TARGET = 11.4;
				MTL_ENABLE_DEBUG_INFO = YES;
				ONLY_ACTIVE_ARCH = YES;
				SDKROOT = iphoneos;
				SWIFT_ACTIVE_COMPILATION_CONDITIONS = DEBUG;
				SWIFT_OPTIMIZATION_LEVEL = "-Onone";
			};
			name = Debug;
		};
		69B12A4920C3BD1B0027A417 /* Release */ = {
			isa = XCBuildConfiguration;
			buildSettings = {
				ALWAYS_SEARCH_USER_PATHS = NO;
				CLANG_ANALYZER_NONNULL = YES;
				CLANG_ANALYZER_NUMBER_OBJECT_CONVERSION = YES_AGGRESSIVE;
				CLANG_CXX_LANGUAGE_STANDARD = "gnu++14";
				CLANG_CXX_LIBRARY = "libc++";
				CLANG_ENABLE_MODULES = YES;
				CLANG_ENABLE_OBJC_ARC = YES;
				CLANG_ENABLE_OBJC_WEAK = YES;
				CLANG_WARN_BLOCK_CAPTURE_AUTORELEASING = YES;
				CLANG_WARN_BOOL_CONVERSION = YES;
				CLANG_WARN_COMMA = YES;
				CLANG_WARN_CONSTANT_CONVERSION = YES;
				CLANG_WARN_DEPRECATED_OBJC_IMPLEMENTATIONS = YES;
				CLANG_WARN_DIRECT_OBJC_ISA_USAGE = YES_ERROR;
				CLANG_WARN_DOCUMENTATION_COMMENTS = YES;
				CLANG_WARN_EMPTY_BODY = YES;
				CLANG_WARN_ENUM_CONVERSION = YES;
				CLANG_WARN_INFINITE_RECURSION = YES;
				CLANG_WARN_INT_CONVERSION = YES;
				CLANG_WARN_NON_LITERAL_NULL_CONVERSION = YES;
				CLANG_WARN_OBJC_IMPLICIT_RETAIN_SELF = YES;
				CLANG_WARN_OBJC_LITERAL_CONVERSION = YES;
				CLANG_WARN_OBJC_ROOT_CLASS = YES_ERROR;
				CLANG_WARN_RANGE_LOOP_ANALYSIS = YES;
				CLANG_WARN_STRICT_PROTOTYPES = YES;
				CLANG_WARN_SUSPICIOUS_MOVE = YES;
				CLANG_WARN_UNGUARDED_AVAILABILITY = YES_AGGRESSIVE;
				CLANG_WARN_UNREACHABLE_CODE = YES;
				CLANG_WARN__DUPLICATE_METHOD_MATCH = YES;
				CODE_SIGN_IDENTITY = "iPhone Developer";
				COPY_PHASE_STRIP = NO;
				DEBUG_INFORMATION_FORMAT = "dwarf-with-dsym";
				ENABLE_NS_ASSERTIONS = NO;
				ENABLE_STRICT_OBJC_MSGSEND = YES;
				GCC_C_LANGUAGE_STANDARD = gnu11;
				GCC_NO_COMMON_BLOCKS = YES;
				GCC_WARN_64_TO_32_BIT_CONVERSION = YES;
				GCC_WARN_ABOUT_RETURN_TYPE = YES_ERROR;
				GCC_WARN_UNDECLARED_SELECTOR = YES;
				GCC_WARN_UNINITIALIZED_AUTOS = YES_AGGRESSIVE;
				GCC_WARN_UNUSED_FUNCTION = YES;
				GCC_WARN_UNUSED_VARIABLE = YES;
				IPHONEOS_DEPLOYMENT_TARGET = 11.4;
				MTL_ENABLE_DEBUG_INFO = NO;
				SDKROOT = iphoneos;
				SWIFT_COMPILATION_MODE = wholemodule;
				SWIFT_OPTIMIZATION_LEVEL = "-O";
				VALIDATE_PRODUCT = YES;
			};
			name = Release;
		};
		69B12A4B20C3BD1B0027A417 /* Debug */ = {
			isa = XCBuildConfiguration;
			buildSettings = {
				ASSETCATALOG_COMPILER_APPICON_NAME = AppIcon;
				CODE_SIGN_STYLE = Automatic;
				DEVELOPMENT_TEAM = 8J39KF9DMS;
				INFOPLIST_FILE = "AR House/Info.plist";
				IPHONEOS_DEPLOYMENT_TARGET = 11.3;
				LD_RUNPATH_SEARCH_PATHS = (
					"$(inherited)",
					"@executable_path/Frameworks",
				);
				PRODUCT_BUNDLE_IDENTIFIER = "net.armenu.AR-House";
				PRODUCT_NAME = "$(TARGET_NAME)";
				SWIFT_VERSION = 4.0;
				TARGETED_DEVICE_FAMILY = "1,2";
			};
			name = Debug;
		};
		69B12A4C20C3BD1B0027A417 /* Release */ = {
			isa = XCBuildConfiguration;
			buildSettings = {
				ASSETCATALOG_COMPILER_APPICON_NAME = AppIcon;
				CODE_SIGN_STYLE = Automatic;
				DEVELOPMENT_TEAM = 8J39KF9DMS;
				INFOPLIST_FILE = "AR House/Info.plist";
				IPHONEOS_DEPLOYMENT_TARGET = 11.3;
				LD_RUNPATH_SEARCH_PATHS = (
					"$(inherited)",
					"@executable_path/Frameworks",
				);
				PRODUCT_BUNDLE_IDENTIFIER = "net.armenu.AR-House";
				PRODUCT_NAME = "$(TARGET_NAME)";
				SWIFT_VERSION = 4.0;
				TARGETED_DEVICE_FAMILY = "1,2";
			};
			name = Release;
		};
/* End XCBuildConfiguration section */

/* Begin XCConfigurationList section */
		69B12A3120C3BD170027A417 /* Build configuration list for PBXProject "AR House" */ = {
			isa = XCConfigurationList;
			buildConfigurations = (
				69B12A4820C3BD1B0027A417 /* Debug */,
				69B12A4920C3BD1B0027A417 /* Release */,
			);
			defaultConfigurationIsVisible = 0;
			defaultConfigurationName = Release;
		};
		69B12A4A20C3BD1B0027A417 /* Build configuration list for PBXNativeTarget "AR House" */ = {
			isa = XCConfigurationList;
			buildConfigurations = (
				69B12A4B20C3BD1B0027A417 /* Debug */,
				69B12A4C20C3BD1B0027A417 /* Release */,
			);
			defaultConfigurationIsVisible = 0;
			defaultConfigurationName = Release;
		};
/* End XCConfigurationList section */
	};
	rootObject = 69B12A2E20C3BD170027A417 /* Project object */;
}
